# DO NOT EDIT MANUALLY - Managed by Fern Replay
version: "1.0"
generations:
  - commit_sha: b2387aff4b957172a86830cbe5bff7d4fb996f64
    tree_hash: fc71ac40fe71d636cabd81e045e73a8dcde0bbac
    timestamp: 2026-05-20T21:31:15.347Z
    cli_version: unknown
    generator_versions: {}
  - commit_sha: 3c1642671816a36dae4dc2c39e6d35f2d5c544d1
    tree_hash: b6259f244e5169b57734c7d1f316e6b200cbf4ba
    timestamp: 2026-07-15T18:43:32.891Z
    cli_version: unknown
    generator_versions:
      fernapi/fern-go-sdk: 1.43.0
  - commit_sha: d39b3eb453827fcf33975424ae8dd925f719db52
    tree_hash: c6bcf656b40374638708d30566c70b4a0b269b9f
    timestamp: 2026-08-28T15:42:28.123Z
    cli_version: unknown
    generator_versions:
      fernapi/fern-go-sdk: 1.43.0
  - commit_sha: 0fcab5a8d6e1f6571903ff090601393729e52c6b
    tree_hash: 0cd30bfd42dced713e42c505a317a9705062bfb6
    timestamp: 2026-09-11T18:14:42.190Z
    cli_version: unknown
    generator_versions:
      fernapi/fern-go-sdk: 1.43.0
current_generation: 0fcab5a8d6e1f6571903ff090601393729e52c6b
patches: []
