# DO NOT EDIT MANUALLY - Managed by Fern Replay
version: "1.0"
generations:
  - commit_sha: b2387aff4b957172a86830cbe5bff7d4fb996f64
    tree_hash: fc71ac40fe71d636cabd81e045e73a8dcde0bbac
    timestamp: 2026-05-20T21:31:15.347Z
    cli_version: unknown
    generator_versions: {}
current_generation: b2387aff4b957172a86830cbe5bff7d4fb996f64
patches: []
